
Microsoft Visual Studio Solution File, Format Version 12.00
# Visual Studio Version 17
VisualStudioVersion = 17.14.36212.18 d17.14
MinimumVisualStudioVersion = 10.0.40219.1
Project("{FAE04EC0-301F-11D3-BF4B-00C04F79EFBC}") = "teszt", "teszt\teszt.csproj", "{38AD056C-A8D8-4946-8C12-3329548BBB04}"
EndProject
Global
	GlobalSection(SolutionConfigurationPlatforms) = preSolution
		Debug|Any CPU = Debug|Any CPU
		Release|Any CPU = Release|Any CPU
	EndGlobalSection
	GlobalSection(ProjectConfigurationPlatforms) = postSolution
		{38AD056C-A8D8-4946-8C12-3329548BBB04}.Debug|Any CPU.ActiveCfg = Debug|Any CPU
		{38AD056C-A8D8-4946-8C12-3329548BBB04}.Debug|Any CPU.Build.0 = Debug|Any CPU
		{38AD056C-A8D8-4946-8C12-3329548BBB04}.Release|Any CPU.ActiveCfg = Release|Any CPU
		{38AD056C-A8D8-4946-8C12-3329548BBB04}.Release|Any CPU.Build.0 = Release|Any CPU
	EndGlobalSection
	GlobalSection(SolutionProperties) = preSolution
		HideSolutionNode = FALSE
	EndGlobalSection
	GlobalSection(ExtensibilityGlobals) = postSolution
		SolutionGuid = {AEC97191-CFC0-485F-9CFA-0B356EA1B233}
	EndGlobalSection
EndGlobal
